{
    "_meta": {
        "hash": {
            "sha256": "2fa1670cb51e3d54880b25fc39bfe3ebbc10ce5d8be61b123654598b524d1c6d"
        },
        "pipfile-spec": 6,
        "requires": {
            "python_version": "3.8"
        },
        "sources": [
            {
                "name": "pypi",
                "url": "https://pypi.python.org/simple",
                "verify_ssl": true
            }
        ]
    },
    "default": {
        "environs": {
            "extras": [
                "django"
            ],
            "version": "==8.0.0"
        }
    },
    "develop": {}
}
